
Microsoft Visual Studio Solution File, Format Version 12.00
# Visual Studio Version 17
VisualStudioVersion = 17.2.32616.157
MinimumVisualStudioVersion = 10.0.40219.1
Project("{9A19103F-16F7-4668-BE54-9A1E7A4F7556}") = "LinkedList", "LinkedList\LinkedList.csproj", "{70C2EBD8-9479-4ED6-9384-96FE14D69BFB}"
EndProject
Project("{2150E333-8FDC-42A3-9474-1A3956D46DE8}") = "Files", "Files", "{7D26D506-FD40-4050-98CC-C5A1D64AF2F8}"
	ProjectSection(SolutionItems) = preProject
		Ejemplo_Examen1.pdf = Ejemplo_Examen1.pdf
	EndProjectSection
EndProject
Project("{FAE04EC0-301F-11D3-BF4B-00C04F79EFBC}") = "Cola", "Cola\Cola.csproj", "{2E50B075-54F4-4899-82C7-93B842064B18}"
EndProject
Project("{FAE04EC0-301F-11D3-BF4B-00C04F79EFBC}") = "ExtensorMethod", "ExtensorMethod\ExtensorMethod.csproj", "{A061BB5A-321C-4237-936B-4DF6421586C3}"
EndProject
Global
	GlobalSection(SolutionConfigurationPlatforms) = preSolution
		Debug|Any CPU = Debug|Any CPU
		Release|Any CPU = Release|Any CPU
	EndGlobalSection
	GlobalSection(ProjectConfigurationPlatforms) = postSolution
		{70C2EBD8-9479-4ED6-9384-96FE14D69BFB}.Debug|Any CPU.ActiveCfg = Debug|Any CPU
		{70C2EBD8-9479-4ED6-9384-96FE14D69BFB}.Debug|Any CPU.Build.0 = Debug|Any CPU
		{70C2EBD8-9479-4ED6-9384-96FE14D69BFB}.Release|Any CPU.ActiveCfg = Release|Any CPU
		{70C2EBD8-9479-4ED6-9384-96FE14D69BFB}.Release|Any CPU.Build.0 = Release|Any CPU
		{2E50B075-54F4-4899-82C7-93B842064B18}.Debug|Any CPU.ActiveCfg = Debug|Any CPU
		{2E50B075-54F4-4899-82C7-93B842064B18}.Debug|Any CPU.Build.0 = Debug|Any CPU
		{2E50B075-54F4-4899-82C7-93B842064B18}.Release|Any CPU.ActiveCfg = Release|Any CPU
		{2E50B075-54F4-4899-82C7-93B842064B18}.Release|Any CPU.Build.0 = Release|Any CPU
		{A061BB5A-321C-4237-936B-4DF6421586C3}.Debug|Any CPU.ActiveCfg = Debug|Any CPU
		{A061BB5A-321C-4237-936B-4DF6421586C3}.Debug|Any CPU.Build.0 = Debug|Any CPU
		{A061BB5A-321C-4237-936B-4DF6421586C3}.Release|Any CPU.ActiveCfg = Release|Any CPU
		{A061BB5A-321C-4237-936B-4DF6421586C3}.Release|Any CPU.Build.0 = Release|Any CPU
	EndGlobalSection
	GlobalSection(SolutionProperties) = preSolution
		HideSolutionNode = FALSE
	EndGlobalSection
	GlobalSection(ExtensibilityGlobals) = postSolution
		SolutionGuid = {4E646E01-69B6-4C1C-B65F-2B9BE845D289}
	EndGlobalSection
EndGlobal
