
Microsoft Visual Studio Solution File, Format Version 12.00
# Visual Studio Version 17
VisualStudioVersion = 17.2.32602.215
MinimumVisualStudioVersion = 10.0.40219.1
Project("{9A19103F-16F7-4668-BE54-9A1E7A4F7556}") = "Model", "Model\Model.csproj", "{23B716BA-6152-412E-9930-6893A19E863B}"
EndProject
Project("{9A19103F-16F7-4668-BE54-9A1E7A4F7556}") = "Queries", "Queries\Queries.csproj", "{965DC124-48E0-4717-A600-257E150ECA99}"
EndProject
Project("{2150E333-8FDC-42A3-9474-1A3956D46DE8}") = "Files", "Files", "{6461679D-E22F-4FB1-AB87-4EF6F5181404}"
	ProjectSection(SolutionItems) = preProject
		actividad.obligatoria.practica8.pdf = actividad.obligatoria.practica8.pdf
	EndProjectSection
EndProject
Global
	GlobalSection(SolutionConfigurationPlatforms) = preSolution
		Debug|Any CPU = Debug|Any CPU
		Release|Any CPU = Release|Any CPU
	EndGlobalSection
	GlobalSection(ProjectConfigurationPlatforms) = postSolution
		{23B716BA-6152-412E-9930-6893A19E863B}.Debug|Any CPU.ActiveCfg = Debug|Any CPU
		{23B716BA-6152-412E-9930-6893A19E863B}.Debug|Any CPU.Build.0 = Debug|Any CPU
		{23B716BA-6152-412E-9930-6893A19E863B}.Release|Any CPU.ActiveCfg = Release|Any CPU
		{23B716BA-6152-412E-9930-6893A19E863B}.Release|Any CPU.Build.0 = Release|Any CPU
		{965DC124-48E0-4717-A600-257E150ECA99}.Debug|Any CPU.ActiveCfg = Debug|Any CPU
		{965DC124-48E0-4717-A600-257E150ECA99}.Debug|Any CPU.Build.0 = Debug|Any CPU
		{965DC124-48E0-4717-A600-257E150ECA99}.Release|Any CPU.ActiveCfg = Release|Any CPU
		{965DC124-48E0-4717-A600-257E150ECA99}.Release|Any CPU.Build.0 = Release|Any CPU
	EndGlobalSection
	GlobalSection(SolutionProperties) = preSolution
		HideSolutionNode = FALSE
	EndGlobalSection
	GlobalSection(ExtensibilityGlobals) = postSolution
		SolutionGuid = {57C149CA-12E5-434E-9577-113556E0A547}
	EndGlobalSection
EndGlobal
